{
  "nodes": {
    "flake-parts": {
      "inputs": {
        "nixpkgs-lib": "nixpkgs-lib"
      },
      "locked": {
        "lastModified": 1768135262,
        "narHash": "sha256-PVvu7OqHBGWN16zSi6tEmPwwHQ4rLPU9Plvs8/1TUBY=",
        "owner": "hercules-ci",
        "repo": "flake-parts",
        "rev": "80daad04eddbbf5a4d883996a73f3f542fa437ac",
        "type": "github"
      },
      "original": {
        "owner": "hercules-ci",
        "repo": "flake-parts",
        "type": "github"
      }
    },
    "flake-utils": {
      "inputs": {
        "systems": "systems"
      },
      "locked": {
        "lastModified": 1710146030,
        "narHash": "sha256-SZ5L6eA7HJ/nmkzGG7/ISclqe6oZdOZTNoesiInkXPQ=",
        "owner": "numtide",
        "repo": "flake-utils",
        "rev": "b1d9ab70662946ef0850d488da1c9019f3a9752a",
        "type": "github"
      },
      "original": {
        "owner": "numtide",
        "repo": "flake-utils",
        "type": "github"
      }
    },
    "lean4": {
      "inputs": {
        "flake-utils": "flake-utils",
        "nixpkgs": "nixpkgs",
        "nixpkgs-cadical": "nixpkgs-cadical",
        "nixpkgs-old": "nixpkgs-old"
      },
      "locked": {
        "lastModified": 1735950998,
        "narHash": "sha256-Xzuk41voBP93vsl3u/bBii9Y6DMfvi6UazKiLLABgHA=",
        "owner": "leanprover",
        "repo": "lean4",
        "rev": "11651562caae0a0b3973811508db2ab8903d3854",
        "type": "github"
      },
      "original": {
        "owner": "leanprover",
        "ref": "v4.15.0",
        "repo": "lean4",
        "type": "github"
      }
    },
    "nixpkgs": {
      "locked": {
        "lastModified": 1710889954,
        "narHash": "sha256-Pr6F5Pmd7JnNEMHHmspZ0qVqIBVxyZ13ik1pJtm2QXk=",
        "owner": "NixOS",
        "repo": "nixpkgs",
        "rev": "7872526e9c5332274ea5932a0c3270d6e4724f3b",
        "type": "github"
      },
      "original": {
        "owner": "NixOS",
        "ref": "nixpkgs-unstable",
        "repo": "nixpkgs",
        "type": "github"
      }
    },
    "nixpkgs-cadical": {
      "locked": {
        "lastModified": 1722221733,
        "narHash": "sha256-sga9SrrPb+pQJxG1ttJfMPheZvDOxApFfwXCFO0H9xw=",
        "owner": "NixOS",
        "repo": "nixpkgs",
        "rev": "12bf09802d77264e441f48e25459c10c93eada2e",
        "type": "github"
      },
      "original": {
        "owner": "NixOS",
        "repo": "nixpkgs",
        "rev": "12bf09802d77264e441f48e25459c10c93eada2e",
        "type": "github"
      }
    },
    "nixpkgs-lib": {
      "locked": {
        "lastModified": 1765674936,
        "narHash": "sha256-k00uTP4JNfmejrCLJOwdObYC9jHRrr/5M/a/8L2EIdo=",
        "owner": "nix-community",
        "repo": "nixpkgs.lib",
        "rev": "2075416fcb47225d9b68ac469a5c4801a9c4dd85",
        "type": "github"
      },
      "original": {
        "owner": "nix-community",
        "repo": "nixpkgs.lib",
        "type": "github"
      }
    },
    "nixpkgs-old": {
      "flake": false,
      "locked": {
        "lastModified": 1581379743,
        "narHash": "sha256-i1XCn9rKuLjvCdu2UeXKzGLF6IuQePQKFt4hEKRU5oc=",
        "owner": "NixOS",
        "repo": "nixpkgs",
        "rev": "34c7eb7545d155cc5b6f499b23a7cb1c96ab4d59",
        "type": "github"
      },
      "original": {
        "owner": "NixOS",
        "ref": "nixos-19.03",
        "repo": "nixpkgs",
        "type": "github"
      }
    },
    "nixpkgs_2": {
      "locked": {
        "lastModified": 1768127708,
        "narHash": "sha256-1Sm77VfZh3mU0F5OqKABNLWxOuDeHIlcFjsXeeiPazs=",
        "owner": "NixOS",
        "repo": "nixpkgs",
        "rev": "ffbc9f8cbaacfb331b6017d5a5abb21a492c9a38",
        "type": "github"
      },
      "original": {
        "owner": "NixOS",
        "ref": "nixos-unstable",
        "repo": "nixpkgs",
        "type": "github"
      }
    },
    "root": {
      "inputs": {
        "flake-parts": "flake-parts",
        "lean4": "lean4",
        "nixpkgs": "nixpkgs_2"
      }
    },
    "systems": {
      "locked": {
        "lastModified": 1681028828,
        "narHash": "sha256-Vy1rq5AaRuLzOxct8nz4T6wlgyUR7zLU309k9mBC768=",
        "owner": "nix-systems",
        "repo": "default",
        "rev": "da67096a3b9bf56a91d16901293e51ba5b49a27e",
        "type": "github"
      },
      "original": {
        "owner": "nix-systems",
        "repo": "default",
        "type": "github"
      }
    }
  },
  "root": "root",
  "version": 7
}
