{
  "name": "test-package",
  "version": "1.0.0",
  "lockfileVersion": 3,
  "requires": true,
  "packages": {
    "": {
      "name": "test-package",
      "version": "1.0.0",
      "license": "ISC",
      "dependencies": {
        "@image-metahub/metadata-engine": "file:../packages/metadata-engine/image-metahub-metadata-engine-1.0.0.tgz"
      }
    },
    "node_modules/@image-metahub/metadata-engine": {
      "version": "1.0.0",
      "resolved": "file:../packages/metadata-engine/image-metahub-metadata-engine-1.0.0.tgz",
      "integrity": "sha512-mEwnUPBjBwVzQNDHEY7gaMxBQ93Ca83aYIQOx9czEuAR0JhBW4QcKJxzhEuJfXCX8GWan1pqvoBTTJZzwOhbkA==",
      "license": "Apache-2.0",
      "dependencies": {
        "exifr": "^7.1.3"
      },
      "engines": {
        "node": ">=16.0.0"
      }
    },
    "node_modules/exifr": {
      "version": "7.1.3",
      "resolved": "https://registry.npmjs.org/exifr/-/exifr-7.1.3.tgz",
      "integrity": "sha512-g/aje2noHivrRSLbAUtBPWFbxKdKhgj/xr1vATDdUXPOFYJlQ62Ft0oy+72V6XLIpDJfHs6gXLbBLAolqOXYRw==",
      "license": "MIT"
    }
  }
}
